
Microsoft Visual Studio Solution File, Format Version 12.00
# Visual Studio Version 17
VisualStudioVersion = 17.3.32922.545
MinimumVisualStudioVersion = 10.0.40219.1
Project("{FAE04EC0-301F-11D3-BF4B-00C04F79EFBC}") = "field", "field\field.csproj", "{AB0AF4BE-401F-4396-BBA0-FA16A7B07E94}"
EndProject
Global
	GlobalSection(SolutionConfigurationPlatforms) = preSolution
		Debug|Any CPU = Debug|Any CPU
		Release|Any CPU = Release|Any CPU
	EndGlobalSection
	GlobalSection(ProjectConfigurationPlatforms) = postSolution
		{AB0AF4BE-401F-4396-BBA0-FA16A7B07E94}.Debug|Any CPU.ActiveCfg = Debug|Any CPU
		{AB0AF4BE-401F-4396-BBA0-FA16A7B07E94}.Debug|Any CPU.Build.0 = Debug|Any CPU
		{AB0AF4BE-401F-4396-BBA0-FA16A7B07E94}.Release|Any CPU.ActiveCfg = Release|Any CPU
		{AB0AF4BE-401F-4396-BBA0-FA16A7B07E94}.Release|Any CPU.Build.0 = Release|Any CPU
	EndGlobalSection
	GlobalSection(SolutionProperties) = preSolution
		HideSolutionNode = FALSE
	EndGlobalSection
	GlobalSection(ExtensibilityGlobals) = postSolution
		SolutionGuid = {82F9E694-94C4-446E-B0E3-3DFDEE0B1FA5}
	EndGlobalSection
EndGlobal
